// !$*UTF8*$!
{
	archiveVersion = 1;
	classes = {
	};
	objectVersion = 77;
	objects = {

/* Begin PBXContainerItemProxy section */
		A02350ED2E361E8C0020DBB0 /* PBXContainerItemProxy */ = {
			isa = PBXContainerItemProxy;
			containerPortal = A02350D72E361E890020DBB0 /* Project object */;
			proxyType = 1;
			remoteGlobalIDString = A02350DE2E361E890020DBB0;
			remoteInfo = "unitConverter-iOS";
		};
		A02350F72E361E8C0020DBB0 /* PBXContainerItemProxy */ = {
			isa = PBXContainerItemProxy;
			containerPortal = A02350D72E361E890020DBB0 /* Project object */;
			proxyType = 1;
			remoteGlobalIDString = A02350DE2E361E890020DBB0;
			remoteInfo = "unitConverter-iOS";
		};
/* End PBXContainerItemProxy section */

/* Begin PBXFileReference section */
		A02350DF2E361E890020DBB0 /* unitConverter-iOS.app */ = {isa = PBXFileReference; explicitFileType = wrapper.application; includeInIndex = 0; path = "unitConverter-iOS.app"; sourceTree = BUILT_PRODUCTS_DIR; };
		A02350EC2E361E8C0020DBB0 /* unitConverter-iOSTests.xctest */ = {isa = PBXFileReference; explicitFileType = wrapper.cfbundle; includeInIndex = 0; path = "unitConverter-iOSTests.xctest"; sourceTree = BUILT_PRODUCTS_DIR; };
		A02350F62E361E8C0020DBB0 /* unitConverter-iOSUITests.xctest */ = {isa = PBXFileReference; explicitFileType = wrapper.cfbundle; includeInIndex = 0; path = "unitConverter-iOSUITests.xctest"; sourceTree = BUILT_PRODUCTS_DIR; };
/* End PBXFileReference section */

/* Begin PBXFileSystemSynchronizedRootGroup section */
		A02350E12E361E890020DBB0 /* unitConverter-iOS */ = {
			isa = PBXFileSystemSynchronizedRootGroup;
			path = "unitConverter-iOS";
			sourceTree = "<group>";
		};
		A02350EF2E361E8C0020DBB0 /* unitConverter-iOSTests */ = {
			isa = PBXFileSystemSynchronizedRootGroup;
			path = "unitConverter-iOSTests";
			sourceTree = "<group>";
		};
		A02350F92E361E8C0020DBB0 /* unitConverter-iOSUITests */ = {
			isa = PBXFileSystemSynchronizedRootGroup;
			path = "unitConverter-iOSUITests";
			sourceTree = "<group>";
		};
/* End PBXFileSystemSynchronizedRootGroup section */

/* Begin PBXFrameworksBuildPhase section */
		A02350DC2E361E890020DBB0 /* Frameworks */ = {
			isa = PBXFrameworksBuildPhase;
			buildActionMask = 2147483647;
			files = (
			);
			runOnlyForDeploymentPostprocessing = 0;
		};
		A02350E92E361E8C0020DBB0 /* Frameworks */ = {
			isa = PBXFrameworksBuildPhase;
			buildActionMask = 2147483647;
			files = (
			);
			runOnlyForDeploymentPostprocessing = 0;
		};
		A02350F32E361E8C0020DBB0 /* Frameworks */ = {
			isa = PBXFrameworksBuildPhase;
			buildActionMask = 2147483647;
			files = (
			);
			runOnlyForDeploymentPostprocessing = 0;
		};
/* End PBXFrameworksBuildPhase section */

/* Begin PBXGroup section */
		A02350D62E361E890020DBB0 = {
			isa = PBXGroup;
			children = (
				A02350E12E361E890020DBB0 /* unitConverter-iOS */,
				A02350EF2E361E8C0020DBB0 /* unitConverter-iOSTests */,
				A02350F92E361E8C0020DBB0 /* unitConverter-iOSUITests */,
				A02350E02E361E890020DBB0 /* Products */,
			);
			sourceTree = "<group>";
		};
		A02350E02E361E890020DBB0 /* Products */ = {
			isa = PBXGroup;
			children = (
				A02350DF2E361E890020DBB0 /* unitConverter-iOS.app */,
				A02350EC2E361E8C0020DBB0 /* unitConverter-iOSTests.xctest */,
				A02350F62E361E8C0020DBB0 /* unitConverter-iOSUITests.xctest */,
			);
			name = Products;
			sourceTree = "<group>";
		};
/* End PBXGroup section */

/* Begin PBXNativeTarget section */
		A02350DE2E361E890020DBB0 /* unitConverter-iOS */ = {
			isa = PBXNativeTarget;
			buildConfigurationList = A02351002E361E8C0020DBB0 /* Build configuration list for PBXNativeTarget "unitConverter-iOS" */;
			buildPhases = (
				A02350DB2E361E890020DBB0 /* Sources */,
				A02350DC2E361E890020DBB0 /* Frameworks */,
				A02350DD2E361E890020DBB0 /* Resources */,
			);
			buildRules = (
			);
			dependencies = (
			);
			fileSystemSynchronizedGroups = (
				A02350E12E361E890020DBB0 /* unitConverter-iOS */,
			);
			name = "unitConverter-iOS";
			packageProductDependencies = (
			);
			productName = "unitConverter-iOS";
			productReference = A02350DF2E361E890020DBB0 /* unitConverter-iOS.app */;
			productType = "com.apple.product-type.application";
		};
		A02350EB2E361E8C0020DBB0 /* unitConverter-iOSTests */ = {
			isa = PBXNativeTarget;
			buildConfigurationList = A02351032E361E8C0020DBB0 /* Build configuration list for PBXNativeTarget "unitConverter-iOSTests" */;
			buildPhases = (
				A02350E82E361E8C0020DBB0 /* Sources */,
				A02350E92E361E8C0020DBB0 /* Frameworks */,
				A02350EA2E361E8C0020DBB0 /* Resources */,
			);
			buildRules = (
			);
			dependencies = (
				A02350EE2E361E8C0020DBB0 /* PBXTargetDependency */,
			);
			fileSystemSynchronizedGroups = (
				A02350EF2E361E8C0020DBB0 /* unitConverter-iOSTests */,
			);
			name = "unitConverter-iOSTests";
			packageProductDependencies = (
			);
			productName = "unitConverter-iOSTests";
			productReference = A02350EC2E361E8C0020DBB0 /* unitConverter-iOSTests.xctest */;
			productType = "com.apple.product-type.bundle.unit-test";
		};
		A02350F52E361E8C0020DBB0 /* unitConverter-iOSUITests */ = {
			isa = PBXNativeTarget;
			buildConfigurationList = A02351062E361E8C0020DBB0 /* Build configuration list for PBXNativeTarget "unitConverter-iOSUITests" */;
			buildPhases = (
				A02350F22E361E8C0020DBB0 /* Sources */,
				A02350F32E361E8C0020DBB0 /* Frameworks */,
				A02350F42E361E8C0020DBB0 /* Resources */,
			);
			buildRules = (
			);
			dependencies = (
				A02350F82E361E8C0020DBB0 /* PBXTargetDependency */,
			);
			fileSystemSynchronizedGroups = (
				A02350F92E361E8C0020DBB0 /* unitConverter-iOSUITests */,
			);
			name = "unitConverter-iOSUITests";
			packageProductDependencies = (
			);
			productName = "unitConverter-iOSUITests";
			productReference = A02350F62E361E8C0020DBB0 /* unitConverter-iOSUITests.xctest */;
			productType = "com.apple.product-type.bundle.ui-testing";
		};
/* End PBXNativeTarget section */

/* Begin PBXProject section */
		A02350D72E361E890020DBB0 /* Project object */ = {
			isa = PBXProject;
			attributes = {
				BuildIndependentTargetsInParallel = 1;
				LastSwiftUpdateCheck = 1640;
				LastUpgradeCheck = 1640;
				TargetAttributes = {
					A02350DE2E361E890020DBB0 = {
						CreatedOnToolsVersion = 16.4;
					};
					A02350EB2E361E8C0020DBB0 = {
						CreatedOnToolsVersion = 16.4;
						TestTargetID = A02350DE2E361E890020DBB0;
					};
					A02350F52E361E8C0020DBB0 = {
						CreatedOnToolsVersion = 16.4;
						TestTargetID = A02350DE2E361E890020DBB0;
					};
				};
			};
			buildConfigurationList = A02350DA2E361E890020DBB0 /* Build configuration list for PBXProject "unitConverter-iOS" */;
			developmentRegion = en;
			hasScannedForEncodings = 0;
			knownRegions = (
				en,
				Base,
			);
			mainGroup = A02350D62E361E890020DBB0;
			minimizedProjectReferenceProxies = 1;
			preferredProjectObjectVersion = 77;
			productRefGroup = A02350E02E361E890020DBB0 /* Products */;
			projectDirPath = "";
			projectRoot = "";
			targets = (
				A02350DE2E361E890020DBB0 /* unitConverter-iOS */,
				A02350EB2E361E8C0020DBB0 /* unitConverter-iOSTests */,
				A02350F52E361E8C0020DBB0 /* unitConverter-iOSUITests */,
			);
		};
/* End PBXProject section */

/* Begin PBXResourcesBuildPhase section */
		A02350DD2E361E890020DBB0 /* Resources */ = {
			isa = PBXResourcesBuildPhase;
			buildActionMask = 2147483647;
			files = (
			);
			runOnlyForDeploymentPostprocessing = 0;
		};
		A02350EA2E361E8C0020DBB0 /* Resources */ = {
			isa = PBXResourcesBuildPhase;
			buildActionMask = 2147483647;
			files = (
			);
			runOnlyForDeploymentPostprocessing = 0;
		};
		A02350F42E361E8C0020DBB0 /* Resources */ = {
			isa = PBXResourcesBuildPhase;
			buildActionMask = 2147483647;
			files = (
			);
			runOnlyForDeploymentPostprocessing = 0;
		};
/* End PBXResourcesBuildPhase section */

/* Begin PBXSourcesBuildPhase section */
		A02350DB2E361E890020DBB0 /* Sources */ = {
			isa = PBXSourcesBuildPhase;
			buildActionMask = 2147483647;
			files = (
			);
			runOnlyForDeploymentPostprocessing = 0;
		};
		A02350E82E361E8C0020DBB0 /* Sources */ = {
			isa = PBXSourcesBuildPhase;
			buildActionMask = 2147483647;
			files = (
			);
			runOnlyForDeploymentPostprocessing = 0;
		};
		A02350F22E361E8C0020DBB0 /* Sources */ = {
			isa = PBXSourcesBuildPhase;
			buildActionMask = 2147483647;
			files = (
			);
			runOnlyForDeploymentPostprocessing = 0;
		};
/* End PBXSourcesBuildPhase section */

/* Begin PBXTargetDependency section */
		A02350EE2E361E8C0020DBB0 /* PBXTargetDependency */ = {
			isa = PBXTargetDependency;
			target = A02350DE2E361E890020DBB0 /* unitConverter-iOS */;
			targetProxy = A02350ED2E361E8C0020DBB0 /* PBXContainerItemProxy */;
		};
		A02350F82E361E8C0020DBB0 /* PBXTargetDependency */ = {
			isa = PBXTargetDependency;
			target = A02350DE2E361E890020DBB0 /* unitConverter-iOS */;
			targetProxy = A02350F72E361E8C0020DBB0 /* PBXContainerItemProxy */;
		};
/* End PBXTargetDependency section */

/* Begin XCBuildConfiguration section */
		A02350FE2E361E8C0020DBB0 /* Debug */ = {
			isa = XCBuildConfiguration;
			buildSettings = {
				ALWAYS_SEARCH_USER_PATHS = NO;
				ASSETCATALOG_COMPILER_GENERATE_SWIFT_ASSET_SYMBOL_EXTENSIONS = YES;
				CLANG_ANALYZER_NONNULL = YES;
				CLANG_ANALYZER_NUMBER_OBJECT_CONVERSION = YES_AGGRESSIVE;
				CLANG_CXX_LANGUAGE_STANDARD = "gnu++20";
				CLANG_ENABLE_MODULES = YES;
				CLANG_ENABLE_OBJC_ARC = YES;
				CLANG_ENABLE_OBJC_WEAK = YES;
				CLANG_WARN_BLOCK_CAPTURE_AUTORELEASING = YES;
				CLANG_WARN_BOOL_CONVERSION = YES;
				CLANG_WARN_COMMA = YES;
				CLANG_WARN_CONSTANT_CONVERSION = YES;
				CLANG_WARN_DEPRECATED_OBJC_IMPLEMENTATIONS = YES;
				CLANG_WARN_DIRECT_OBJC_ISA_USAGE = YES_ERROR;
				CLANG_WARN_DOCUMENTATION_COMMENTS = YES;
				CLANG_WARN_EMPTY_BODY = YES;
				CLANG_WARN_ENUM_CONVERSION = YES;
				CLANG_WARN_INFINITE_RECURSION = YES;
				CLANG_WARN_INT_CONVERSION = YES;
				CLANG_WARN_NON_LITERAL_NULL_CONVERSION = YES;
				CLANG_WARN_OBJC_IMPLICIT_RETAIN_SELF = YES;
				CLANG_WARN_OBJC_LITERAL_CONVERSION = YES;
				CLANG_WARN_OBJC_ROOT_CLASS = YES_ERROR;
				CLANG_WARN_QUOTED_INCLUDE_IN_FRAMEWORK_HEADER = YES;
				CLANG_WARN_RANGE_LOOP_ANALYSIS = YES;
				CLANG_WARN_STRICT_PROTOTYPES = YES;
				CLANG_WARN_SUSPICIOUS_MOVE = YES;
				CLANG_WARN_UNGUARDED_AVAILABILITY = YES_AGGRESSIVE;
				CLANG_WARN_UNREACHABLE_CODE = YES;
				CLANG_WARN__DUPLICATE_METHOD_MATCH = YES;
				COPY_PHASE_STRIP = NO;
				DEBUG_INFORMATION_FORMAT = dwarf;
				ENABLE_STRICT_OBJC_MSGSEND = YES;
				ENABLE_TESTABILITY = YES;
				ENABLE_USER_SCRIPT_SANDBOXING = YES;
				GCC_C_LANGUAGE_STANDARD = gnu17;
				GCC_DYNAMIC_NO_PIC = NO;
				GCC_NO_COMMON_BLOCKS = YES;
				GCC_OPTIMIZATION_LEVEL = 0;
				GCC_PREPROCESSOR_DEFINITIONS = (
					"DEBUG=1",
					"$(inherited)",
				);
				GCC_WARN_64_TO_32_BIT_CONVERSION = YES;
				GCC_WARN_ABOUT_RETURN_TYPE = YES_ERROR;
				GCC_WARN_UNDECLARED_SELECTOR = YES;
				GCC_WARN_UNINITIALIZED_AUTOS = YES_AGGRESSIVE;
				GCC_WARN_UNUSED_FUNCTION = YES;
				GCC_WARN_UNUSED_VARIABLE = YES;
				IPHONEOS_DEPLOYMENT_TARGET = 18.5;
				LOCALIZATION_PREFERS_STRING_CATALOGS = YES;
				MTL_ENABLE_DEBUG_INFO = INCLUDE_SOURCE;
				MTL_FAST_MATH = YES;
				ONLY_ACTIVE_ARCH = YES;
				SDKROOT = iphoneos;
				SWIFT_ACTIVE_COMPILATION_CONDITIONS = "DEBUG $(inherited)";
				SWIFT_OPTIMIZATION_LEVEL = "-Onone";
			};
			name = Debug;
		};
		A02350FF2E361E8C0020DBB0 /* Release */ = {
			isa = XCBuildConfiguration;
			buildSettings = {
				ALWAYS_SEARCH_USER_PATHS = NO;
				ASSETCATALOG_COMPILER_GENERATE_SWIFT_ASSET_SYMBOL_EXTENSIONS = YES;
				CLANG_ANALYZER_NONNULL = YES;
				CLANG_ANALYZER_NUMBER_OBJECT_CONVERSION = YES_AGGRESSIVE;
				CLANG_CXX_LANGUAGE_STANDARD = "gnu++20";
				CLANG_ENABLE_MODULES = YES;
				CLANG_ENABLE_OBJC_ARC = YES;
				CLANG_ENABLE_OBJC_WEAK = YES;
				CLANG_WARN_BLOCK_CAPTURE_AUTORELEASING = YES;
				CLANG_WARN_BOOL_CONVERSION = YES;
				CLANG_WARN_COMMA = YES;
				CLANG_WARN_CONSTANT_CONVERSION = YES;
				CLANG_WARN_DEPRECATED_OBJC_IMPLEMENTATIONS = YES;
				CLANG_WARN_DIRECT_OBJC_ISA_USAGE = YES_ERROR;
				CLANG_WARN_DOCUMENTATION_COMMENTS = YES;
				CLANG_WARN_EMPTY_BODY = YES;
				CLANG_WARN_ENUM_CONVERSION = YES;
				CLANG_WARN_INFINITE_RECURSION = YES;
				CLANG_WARN_INT_CONVERSION = YES;
				CLANG_WARN_NON_LITERAL_NULL_CONVERSION = YES;
				CLANG_WARN_OBJC_IMPLICIT_RETAIN_SELF = YES;
				CLANG_WARN_OBJC_LITERAL_CONVERSION = YES;
				CLANG_WARN_OBJC_ROOT_CLASS = YES_ERROR;
				CLANG_WARN_QUOTED_INCLUDE_IN_FRAMEWORK_HEADER = YES;
				CLANG_WARN_RANGE_LOOP_ANALYSIS = YES;
				CLANG_WARN_STRICT_PROTOTYPES = YES;
				CLANG_WARN_SUSPICIOUS_MOVE = YES;
				CLANG_WARN_UNGUARDED_AVAILABILITY = YES_AGGRESSIVE;
				CLANG_WARN_UNREACHABLE_CODE = YES;
				CLANG_WARN__DUPLICATE_METHOD_MATCH = YES;
				COPY_PHASE_STRIP = NO;
				DEBUG_INFORMATION_FORMAT = "dwarf-with-dsym";
				ENABLE_NS_ASSERTIONS = NO;
				ENABLE_STRICT_OBJC_MSGSEND = YES;
				ENABLE_USER_SCRIPT_SANDBOXING = YES;
				GCC_C_LANGUAGE_STANDARD = gnu17;
				GCC_NO_COMMON_BLOCKS = YES;
				GCC_WARN_64_TO_32_BIT_CONVERSION = YES;
				GCC_WARN_ABOUT_RETURN_TYPE = YES_ERROR;
				GCC_WARN_UNDECLARED_SELECTOR = YES;
				GCC_WARN_UNINITIALIZED_AUTOS = YES_AGGRESSIVE;
				GCC_WARN_UNUSED_FUNCTION = YES;
				GCC_WARN_UNUSED_VARIABLE = YES;
				IPHONEOS_DEPLOYMENT_TARGET = 18.5;
				LOCALIZATION_PREFERS_STRING_CATALOGS = YES;
				MTL_ENABLE_DEBUG_INFO = NO;
				MTL_FAST_MATH = YES;
				SDKROOT = iphoneos;
				SWIFT_COMPILATION_MODE = wholemodule;
				VALIDATE_PRODUCT = YES;
			};
			name = Release;
		};
		A02351012E361E8C0020DBB0 /* Debug */ = {
			isa = XCBuildConfiguration;
			buildSettings = {
				ASSETCATALOG_COMPILER_APPICON_NAME = AppIcon;
				ASSETCATALOG_COMPILER_GLOBAL_ACCENT_COLOR_NAME = AccentColor;
				CODE_SIGN_STYLE = Automatic;
				CURRENT_PROJECT_VERSION = 1;
				ENABLE_PREVIEWS = YES;
				GENERATE_INFOPLIST_FILE = YES;
				INFOPLIST_KEY_UIApplicationSceneManifest_Generation = YES;
				INFOPLIST_KEY_UIApplicationSupportsIndirectInputEvents = YES;
				INFOPLIST_KEY_UILaunchScreen_Generation = YES;
				INFOPLIST_KEY_UISupportedInterfaceOrientations_iPad = "UIInterfaceOrientationPortrait UIInterfaceOrientationPortraitUpsideDown UIInterfaceOrientationLandscapeLeft UIInterfaceOrientationLandscapeRight";
				INFOPLIST_KEY_UISupportedInterfaceOrientations_iPhone = "UIInterfaceOrientationPortrait UIInterfaceOrientationLandscapeLeft UIInterfaceOrientationLandscapeRight";
				LD_RUNPATH_SEARCH_PATHS = (
					"$(inherited)",
					"@executable_path/Frameworks",
				);
				MARKETING_VERSION = 1.0;
				PRODUCT_BUNDLE_IDENTIFIER = "com.sougatoroy3.unitConverter-iOS";
				PRODUCT_NAME = "$(TARGET_NAME)";
				SWIFT_EMIT_LOC_STRINGS = YES;
				SWIFT_VERSION = 5.0;
				TARGETED_DEVICE_FAMILY = "1,2";
			};
			name = Debug;
		};
		A02351022E361E8C0020DBB0 /* Release */ = {
			isa = XCBuildConfiguration;
			buildSettings = {
				ASSETCATALOG_COMPILER_APPICON_NAME = AppIcon;
				ASSETCATALOG_COMPILER_GLOBAL_ACCENT_COLOR_NAME = AccentColor;
				CODE_SIGN_STYLE = Automatic;
				CURRENT_PROJECT_VERSION = 1;
				ENABLE_PREVIEWS = YES;
				GENERATE_INFOPLIST_FILE = YES;
				INFOPLIST_KEY_UIApplicationSceneManifest_Generation = YES;
				INFOPLIST_KEY_UIApplicationSupportsIndirectInputEvents = YES;
				INFOPLIST_KEY_UILaunchScreen_Generation = YES;
				INFOPLIST_KEY_UISupportedInterfaceOrientations_iPad = "UIInterfaceOrientationPortrait UIInterfaceOrientationPortraitUpsideDown UIInterfaceOrientationLandscapeLeft UIInterfaceOrientationLandscapeRight";
				INFOPLIST_KEY_UISupportedInterfaceOrientations_iPhone = "UIInterfaceOrientationPortrait UIInterfaceOrientationLandscapeLeft UIInterfaceOrientationLandscapeRight";
				LD_RUNPATH_SEARCH_PATHS = (
					"$(inherited)",
					"@executable_path/Frameworks",
				);
				MARKETING_VERSION = 1.0;
				PRODUCT_BUNDLE_IDENTIFIER = "com.sougatoroy3.unitConverter-iOS";
				PRODUCT_NAME = "$(TARGET_NAME)";
				SWIFT_EMIT_LOC_STRINGS = YES;
				SWIFT_VERSION = 5.0;
				TARGETED_DEVICE_FAMILY = "1,2";
			};
			name = Release;
		};
		A02351042E361E8C0020DBB0 /* Debug */ = {
			isa = XCBuildConfiguration;
			buildSettings = {
				BUNDLE_LOADER = "$(TEST_HOST)";
				CODE_SIGN_STYLE = Automatic;
				CURRENT_PROJECT_VERSION = 1;
				GENERATE_INFOPLIST_FILE = YES;
				IPHONEOS_DEPLOYMENT_TARGET = 18.5;
				MARKETING_VERSION = 1.0;
				PRODUCT_BUNDLE_IDENTIFIER = "com.sougatoroy3.unitConverter-iOSTests";
				PRODUCT_NAME = "$(TARGET_NAME)";
				SWIFT_EMIT_LOC_STRINGS = NO;
				SWIFT_VERSION = 5.0;
				TARGETED_DEVICE_FAMILY = "1,2";
				TEST_HOST = "$(BUILT_PRODUCTS_DIR)/unitConverter-iOS.app/$(BUNDLE_EXECUTABLE_FOLDER_PATH)/unitConverter-iOS";
			};
			name = Debug;
		};
		A02351052E361E8C0020DBB0 /* Release */ = {
			isa = XCBuildConfiguration;
			buildSettings = {
				BUNDLE_LOADER = "$(TEST_HOST)";
				CODE_SIGN_STYLE = Automatic;
				CURRENT_PROJECT_VERSION = 1;
				GENERATE_INFOPLIST_FILE = YES;
				IPHONEOS_DEPLOYMENT_TARGET = 18.5;
				MARKETING_VERSION = 1.0;
				PRODUCT_BUNDLE_IDENTIFIER = "com.sougatoroy3.unitConverter-iOSTests";
				PRODUCT_NAME = "$(TARGET_NAME)";
				SWIFT_EMIT_LOC_STRINGS = NO;
				SWIFT_VERSION = 5.0;
				TARGETED_DEVICE_FAMILY = "1,2";
				TEST_HOST = "$(BUILT_PRODUCTS_DIR)/unitConverter-iOS.app/$(BUNDLE_EXECUTABLE_FOLDER_PATH)/unitConverter-iOS";
			};
			name = Release;
		};
		A02351072E361E8C0020DBB0 /* Debug */ = {
			isa = XCBuildConfiguration;
			buildSettings = {
				CODE_SIGN_STYLE = Automatic;
				CURRENT_PROJECT_VERSION = 1;
				GENERATE_INFOPLIST_FILE = YES;
				MARKETING_VERSION = 1.0;
				PRODUCT_BUNDLE_IDENTIFIER = "com.sougatoroy3.unitConverter-iOSUITests";
				PRODUCT_NAME = "$(TARGET_NAME)";
				SWIFT_EMIT_LOC_STRINGS = NO;
				SWIFT_VERSION = 5.0;
				TARGETED_DEVICE_FAMILY = "1,2";
				TEST_TARGET_NAME = "unitConverter-iOS";
			};
			name = Debug;
		};
		A02351082E361E8C0020DBB0 /* Release */ = {
			isa = XCBuildConfiguration;
			buildSettings = {
				CODE_SIGN_STYLE = Automatic;
				CURRENT_PROJECT_VERSION = 1;
				GENERATE_INFOPLIST_FILE = YES;
				MARKETING_VERSION = 1.0;
				PRODUCT_BUNDLE_IDENTIFIER = "com.sougatoroy3.unitConverter-iOSUITests";
				PRODUCT_NAME = "$(TARGET_NAME)";
				SWIFT_EMIT_LOC_STRINGS = NO;
				SWIFT_VERSION = 5.0;
				TARGETED_DEVICE_FAMILY = "1,2";
				TEST_TARGET_NAME = "unitConverter-iOS";
			};
			name = Release;
		};
/* End XCBuildConfiguration section */

/* Begin XCConfigurationList section */
		A02350DA2E361E890020DBB0 /* Build configuration list for PBXProject "unitConverter-iOS" */ = {
			isa = XCConfigurationList;
			buildConfigurations = (
				A02350FE2E361E8C0020DBB0 /* Debug */,
				A02350FF2E361E8C0020DBB0 /* Release */,
			);
			defaultConfigurationIsVisible = 0;
			defaultConfigurationName = Release;
		};
		A02351002E361E8C0020DBB0 /* Build configuration list for PBXNativeTarget "unitConverter-iOS" */ = {
			isa = XCConfigurationList;
			buildConfigurations = (
				A02351012E361E8C0020DBB0 /* Debug */,
				A02351022E361E8C0020DBB0 /* Release */,
			);
			defaultConfigurationIsVisible = 0;
			defaultConfigurationName = Release;
		};
		A02351032E361E8C0020DBB0 /* Build configuration list for PBXNativeTarget "unitConverter-iOSTests" */ = {
			isa = XCConfigurationList;
			buildConfigurations = (
				A02351042E361E8C0020DBB0 /* Debug */,
				A02351052E361E8C0020DBB0 /* Release */,
			);
			defaultConfigurationIsVisible = 0;
			defaultConfigurationName = Release;
		};
		A02351062E361E8C0020DBB0 /* Build configuration list for PBXNativeTarget "unitConverter-iOSUITests" */ = {
			isa = XCConfigurationList;
			buildConfigurations = (
				A02351072E361E8C0020DBB0 /* Debug */,
				A02351082E361E8C0020DBB0 /* Release */,
			);
			defaultConfigurationIsVisible = 0;
			defaultConfigurationName = Release;
		};
/* End XCConfigurationList section */
	};
	rootObject = A02350D72E361E890020DBB0 /* Project object */;
}
